{
	"name": "@openmantis/monorepo",
	"version": "0.0.0",
	"lockfileVersion": 3,
	"requires": true,
	"packages": {
		"": {
			"name": "@openmantis/monorepo",
			"version": "0.0.0",
			"license": "MIT",
			"workspaces": [
				"packages/node"
			]
		},
		"node_modules/@monodox/openmantis": {
			"resolved": "packages/node",
			"link": true
		},
		"packages/node": {
			"name": "@monodox/openmantis",
			"version": "0.1.1",
			"license": "MIT",
			"bin": {
				"openmantis": "bin/openmantis.js"
			}
		}
	}
}
